// !$*UTF8*$!
{
	archiveVersion = 1;
	classes = {
	};
	objectVersion = 55;
	objects = {

/* Begin PBXBuildFile section */
		DB1EF91627F4BBDE00593D72 /* ServiceNews.swift in Sources */ = {isa = PBXBuildFile; fileRef = DB1EF91527F4BBDE00593D72 /* ServiceNews.swift */; };
		DB1EF91727F4BBDE00593D72 /* ServiceNews.swift in Sources */ = {isa = PBXBuildFile; fileRef = DB1EF91527F4BBDE00593D72 /* ServiceNews.swift */; };
		DB1EF91927F4BEAD00593D72 /* SetNewsRecords.swift in Sources */ = {isa = PBXBuildFile; fileRef = DB1EF91827F4BEAD00593D72 /* SetNewsRecords.swift */; };
		DB1EF91A27F4BEAD00593D72 /* SetNewsRecords.swift in Sources */ = {isa = PBXBuildFile; fileRef = DB1EF91827F4BEAD00593D72 /* SetNewsRecords.swift */; };
		DB1EF91C27F4CD8600593D72 /* NewsRecord.swift in Sources */ = {isa = PBXBuildFile; fileRef = DB1EF91B27F4CD8600593D72 /* NewsRecord.swift */; };
		DB1EF91D27F4CD8600593D72 /* NewsRecord.swift in Sources */ = {isa = PBXBuildFile; fileRef = DB1EF91B27F4CD8600593D72 /* NewsRecord.swift */; };
		DB616C6D27F1A936008B462A /* NewsPaperApp.swift in Sources */ = {isa = PBXBuildFile; fileRef = DB616C5D27F1A934008B462A /* NewsPaperApp.swift */; };
		DB616C6E27F1A936008B462A /* NewsPaperApp.swift in Sources */ = {isa = PBXBuildFile; fileRef = DB616C5D27F1A934008B462A /* NewsPaperApp.swift */; };
		DB616C6F27F1A936008B462A /* NewsPaper.swift in Sources */ = {isa = PBXBuildFile; fileRef = DB616C5E27F1A934008B462A /* NewsPaper.swift */; };
		DB616C7027F1A936008B462A /* NewsPaper.swift in Sources */ = {isa = PBXBuildFile; fileRef = DB616C5E27F1A934008B462A /* NewsPaper.swift */; };
		DB616C7127F1A936008B462A /* Assets.xcassets in Resources */ = {isa = PBXBuildFile; fileRef = DB616C5F27F1A936008B462A /* Assets.xcassets */; };
		DB616C7227F1A936008B462A /* Assets.xcassets in Resources */ = {isa = PBXBuildFile; fileRef = DB616C5F27F1A936008B462A /* Assets.xcassets */; };
		DB616C7C27F1ABB3008B462A /* News.swift in Sources */ = {isa = PBXBuildFile; fileRef = DB616C7B27F1ABB3008B462A /* News.swift */; };
		DB616C7D27F1ABB3008B462A /* News.swift in Sources */ = {isa = PBXBuildFile; fileRef = DB616C7B27F1ABB3008B462A /* News.swift */; };
		DB616C8027F1E436008B462A /* Setting.swift in Sources */ = {isa = PBXBuildFile; fileRef = DB616C7F27F1E436008B462A /* Setting.swift */; };
		DB616C8127F1E436008B462A /* Setting.swift in Sources */ = {isa = PBXBuildFile; fileRef = DB616C7F27F1E436008B462A /* Setting.swift */; };
		DB616C8327F1E4B5008B462A /* NewsPaperApiKey.swift in Sources */ = {isa = PBXBuildFile; fileRef = DB616C8227F1E4B5008B462A /* NewsPaperApiKey.swift */; };
		DB616C8427F1E4B5008B462A /* NewsPaperApiKey.swift in Sources */ = {isa = PBXBuildFile; fileRef = DB616C8227F1E4B5008B462A /* NewsPaperApiKey.swift */; };
		DB616C8627F1E521008B462A /* ReturnFromMenuView.swift in Sources */ = {isa = PBXBuildFile; fileRef = DB616C8527F1E521008B462A /* ReturnFromMenuView.swift */; };
		DB616C8727F1E521008B462A /* ReturnFromMenuView.swift in Sources */ = {isa = PBXBuildFile; fileRef = DB616C8527F1E521008B462A /* ReturnFromMenuView.swift */; };
		DB616C8927F1E7DA008B462A /* GetApiKey.swift in Sources */ = {isa = PBXBuildFile; fileRef = DB616C8827F1E7DA008B462A /* GetApiKey.swift */; };
		DB616C8A27F1E7DA008B462A /* GetApiKey.swift in Sources */ = {isa = PBXBuildFile; fileRef = DB616C8827F1E7DA008B462A /* GetApiKey.swift */; };
		DBC0373927F4395C0036AE2C /* ConnectToInternet.swift in Sources */ = {isa = PBXBuildFile; fileRef = DBC0373827F4395C0036AE2C /* ConnectToInternet.swift */; };
		DBC0373A27F4395C0036AE2C /* ConnectToInternet.swift in Sources */ = {isa = PBXBuildFile; fileRef = DBC0373827F4395C0036AE2C /* ConnectToInternet.swift */; };
		DBC0373D27F43D020036AE2C /* Localizable.strings in Resources */ = {isa = PBXBuildFile; fileRef = DBC0373B27F43D020036AE2C /* Localizable.strings */; };
		DBC0373E27F43D020036AE2C /* Localizable.strings in Resources */ = {isa = PBXBuildFile; fileRef = DBC0373B27F43D020036AE2C /* Localizable.strings */; };
		DBC0374127F43DD20036AE2C /* NewsPaper (iOS)-InfoPlist.strings in Resources */ = {isa = PBXBuildFile; fileRef = DBC0373F27F43DD20036AE2C /* NewsPaper (iOS)-InfoPlist.strings */; };
		DBC0374427F43DD20036AE2C /* NewsPaper (macOS)-InfoPlist.strings in Resources */ = {isa = PBXBuildFile; fileRef = DBC0374227F43DD20036AE2C /* NewsPaper (macOS)-InfoPlist.strings */; };
		DBDC685E27F619B600210437 /* SafariView.swift in Sources */ = {isa = PBXBuildFile; fileRef = DBDC685D27F619B600210437 /* SafariView.swift */; };
		DBDC685F27F619B600210437 /* SafariView.swift in Sources */ = {isa = PBXBuildFile; fileRef = DBDC685D27F619B600210437 /* SafariView.swift */; };
		DBDC686127F61DFA00210437 /* NewsPaperRowView.swift in Sources */ = {isa = PBXBuildFile; fileRef = DBDC686027F61DFA00210437 /* NewsPaperRowView.swift */; };
		DBDC686227F61DFA00210437 /* NewsPaperRowView.swift in Sources */ = {isa = PBXBuildFile; fileRef = DBDC686027F61DFA00210437 /* NewsPaperRowView.swift */; };
/* End PBXBuildFile section */

/* Begin PBXFileReference section */
		DB1EF91527F4BBDE00593D72 /* ServiceNews.swift */ = {isa = PBXFileReference; lastKnownFileType = sourcecode.swift; path = ServiceNews.swift; sourceTree = "<group>"; };
		DB1EF91827F4BEAD00593D72 /* SetNewsRecords.swift */ = {isa = PBXFileReference; lastKnownFileType = sourcecode.swift; path = SetNewsRecords.swift; sourceTree = "<group>"; };
		DB1EF91B27F4CD8600593D72 /* NewsRecord.swift */ = {isa = PBXFileReference; lastKnownFileType = sourcecode.swift; path = NewsRecord.swift; sourceTree = "<group>"; };
		DB616C5D27F1A934008B462A /* NewsPaperApp.swift */ = {isa = PBXFileReference; lastKnownFileType = sourcecode.swift; path = NewsPaperApp.swift; sourceTree = "<group>"; };
		DB616C5E27F1A934008B462A /* NewsPaper.swift */ = {isa = PBXFileReference; lastKnownFileType = sourcecode.swift; path = NewsPaper.swift; sourceTree = "<group>"; };
		DB616C5F27F1A936008B462A /* Assets.xcassets */ = {isa = PBXFileReference; lastKnownFileType = folder.assetcatalog; path = Assets.xcassets; sourceTree = "<group>"; };
		DB616C6427F1A936008B462A /* NewsPaper.app */ = {isa = PBXFileReference; explicitFileType = wrapper.application; includeInIndex = 0; path = NewsPaper.app; sourceTree = BUILT_PRODUCTS_DIR; };
		DB616C6A27F1A936008B462A /* NewsPaper.app */ = {isa = PBXFileReference; explicitFileType = wrapper.application; includeInIndex = 0; path = NewsPaper.app; sourceTree = BUILT_PRODUCTS_DIR; };
		DB616C6C27F1A936008B462A /* macOS.entitlements */ = {isa = PBXFileReference; lastKnownFileType = text.plist.entitlements; path = macOS.entitlements; sourceTree = "<group>"; };
		DB616C7B27F1ABB3008B462A /* News.swift */ = {isa = PBXFileReference; lastKnownFileType = sourcecode.swift; path = News.swift; sourceTree = "<group>"; };
		DB616C7F27F1E436008B462A /* Setting.swift */ = {isa = PBXFileReference; lastKnownFileType = sourcecode.swift; path = Setting.swift; sourceTree = "<group>"; };
		DB616C8227F1E4B5008B462A /* NewsPaperApiKey.swift */ = {isa = PBXFileReference; lastKnownFileType = sourcecode.swift; path = NewsPaperApiKey.swift; sourceTree = "<group>"; };
		DB616C8527F1E521008B462A /* ReturnFromMenuView.swift */ = {isa = PBXFileReference; lastKnownFileType = sourcecode.swift; path = ReturnFromMenuView.swift; sourceTree = "<group>"; };
		DB616C8827F1E7DA008B462A /* GetApiKey.swift */ = {isa = PBXFileReference; lastKnownFileType = sourcecode.swift; path = GetApiKey.swift; sourceTree = "<group>"; };
		DBB2A72C27F7889A005F41D4 /* NewsPaper (iOS).entitlements */ = {isa = PBXFileReference; lastKnownFileType = text.plist.entitlements; path = "NewsPaper (iOS).entitlements"; sourceTree = "<group>"; };
		DBC0373827F4395C0036AE2C /* ConnectToInternet.swift */ = {isa = PBXFileReference; lastKnownFileType = sourcecode.swift; path = ConnectToInternet.swift; sourceTree = "<group>"; };
		DBC0373C27F43D020036AE2C /* nb */ = {isa = PBXFileReference; lastKnownFileType = text.plist.strings; name = nb; path = nb.lproj/Localizable.strings; sourceTree = "<group>"; };
		DBC0374027F43DD20036AE2C /* nb */ = {isa = PBXFileReference; lastKnownFileType = text.plist.strings; name = nb; path = "nb.lproj/NewsPaper (iOS)-InfoPlist.strings"; sourceTree = "<group>"; };
		DBC0374327F43DD20036AE2C /* nb */ = {isa = PBXFileReference; lastKnownFileType = text.plist.strings; name = nb; path = "nb.lproj/NewsPaper (macOS)-InfoPlist.strings"; sourceTree = "<group>"; };
		DBDC685D27F619B600210437 /* SafariView.swift */ = {isa = PBXFileReference; lastKnownFileType = sourcecode.swift; path = SafariView.swift; sourceTree = "<group>"; };
		DBDC686027F61DFA00210437 /* NewsPaperRowView.swift */ = {isa = PBXFileReference; lastKnownFileType = sourcecode.swift; path = NewsPaperRowView.swift; sourceTree = "<group>"; };
/* End PBXFileReference section */

/* Begin PBXFrameworksBuildPhase section */
		DB616C6127F1A936008B462A /* Frameworks */ = {
			isa = PBXFrameworksBuildPhase;
			buildActionMask = 2147483647;
			files = (
			);
			runOnlyForDeploymentPostprocessing = 0;
		};
		DB616C6727F1A936008B462A /* Frameworks */ = {
			isa = PBXFrameworksBuildPhase;
			buildActionMask = 2147483647;
			files = (
			);
			runOnlyForDeploymentPostprocessing = 0;
		};
/* End PBXFrameworksBuildPhase section */

/* Begin PBXGroup section */
		DB1EF91127F4BAC800593D72 /* Model */ = {
			isa = PBXGroup;
			children = (
				DB616C7B27F1ABB3008B462A /* News.swift */,
				DB1EF91B27F4CD8600593D72 /* NewsRecord.swift */,
			);
			path = Model;
			sourceTree = "<group>";
		};
		DB1EF91227F4BB0C00593D72 /* Tools */ = {
			isa = PBXGroup;
			children = (
				DBC0373827F4395C0036AE2C /* ConnectToInternet.swift */,
				DB616C8527F1E521008B462A /* ReturnFromMenuView.swift */,
				DB1EF91827F4BEAD00593D72 /* SetNewsRecords.swift */,
				DBDC685D27F619B600210437 /* SafariView.swift */,
			);
			path = Tools;
			sourceTree = "<group>";
		};
		DB1EF91327F4BB4A00593D72 /* News */ = {
			isa = PBXGroup;
			children = (
				DB616C5E27F1A934008B462A /* NewsPaper.swift */,
				DB616C5D27F1A934008B462A /* NewsPaperApp.swift */,
				DBDC686027F61DFA00210437 /* NewsPaperRowView.swift */,
			);
			path = News;
			sourceTree = "<group>";
		};
		DB1EF91427F4BBA200593D72 /* Services */ = {
			isa = PBXGroup;
			children = (
				DB1EF91527F4BBDE00593D72 /* ServiceNews.swift */,
			);
			path = Services;
			sourceTree = "<group>";
		};
		DB616C5727F1A934008B462A = {
			isa = PBXGroup;
			children = (
				DBB2A72C27F7889A005F41D4 /* NewsPaper (iOS).entitlements */,
				DBC0374227F43DD20036AE2C /* NewsPaper (macOS)-InfoPlist.strings */,
				DBC0373F27F43DD20036AE2C /* NewsPaper (iOS)-InfoPlist.strings */,
				DB616C5C27F1A934008B462A /* Shared */,
				DB616C6B27F1A936008B462A /* macOS */,
				DB616C6527F1A936008B462A /* Products */,
			);
			sourceTree = "<group>";
		};
		DB616C5C27F1A934008B462A /* Shared */ = {
			isa = PBXGroup;
			children = (
				DB1EF91427F4BBA200593D72 /* Services */,
				DB1EF91327F4BB4A00593D72 /* News */,
				DB616C5F27F1A936008B462A /* Assets.xcassets */,
				DBC0373B27F43D020036AE2C /* Localizable.strings */,
				DB1EF91127F4BAC800593D72 /* Model */,
				DB616C7E27F1E3F1008B462A /* Setting */,
				DB1EF91227F4BB0C00593D72 /* Tools */,
			);
			path = Shared;
			sourceTree = "<group>";
		};
		DB616C6527F1A936008B462A /* Products */ = {
			isa = PBXGroup;
			children = (
				DB616C6427F1A936008B462A /* NewsPaper.app */,
				DB616C6A27F1A936008B462A /* NewsPaper.app */,
			);
			name = Products;
			sourceTree = "<group>";
		};
		DB616C6B27F1A936008B462A /* macOS */ = {
			isa = PBXGroup;
			children = (
				DB616C6C27F1A936008B462A /* macOS.entitlements */,
			);
			path = macOS;
			sourceTree = "<group>";
		};
		DB616C7E27F1E3F1008B462A /* Setting */ = {
			isa = PBXGroup;
			children = (
				DB616C8827F1E7DA008B462A /* GetApiKey.swift */,
				DB616C8227F1E4B5008B462A /* NewsPaperApiKey.swift */,
				DB616C7F27F1E436008B462A /* Setting.swift */,
			);
			path = Setting;
			sourceTree = "<group>";
		};
/* End PBXGroup section */

/* Begin PBXNativeTarget section */
		DB616C6327F1A936008B462A /* NewsPaper (iOS) */ = {
			isa = PBXNativeTarget;
			buildConfigurationList = DB616C7527F1A936008B462A /* Build configuration list for PBXNativeTarget "NewsPaper (iOS)" */;
			buildPhases = (
				DB616C6027F1A936008B462A /* Sources */,
				DB616C6127F1A936008B462A /* Frameworks */,
				DB616C6227F1A936008B462A /* Resources */,
			);
			buildRules = (
			);
			dependencies = (
			);
			name = "NewsPaper (iOS)";
			productName = "NewsPaper (iOS)";
			productReference = DB616C6427F1A936008B462A /* NewsPaper.app */;
			productType = "com.apple.product-type.application";
		};
		DB616C6927F1A936008B462A /* NewsPaper (macOS) */ = {
			isa = PBXNativeTarget;
			buildConfigurationList = DB616C7827F1A936008B462A /* Build configuration list for PBXNativeTarget "NewsPaper (macOS)" */;
			buildPhases = (
				DB616C6627F1A936008B462A /* Sources */,
				DB616C6727F1A936008B462A /* Frameworks */,
				DB616C6827F1A936008B462A /* Resources */,
			);
			buildRules = (
			);
			dependencies = (
			);
			name = "NewsPaper (macOS)";
			productName = "NewsPaper (macOS)";
			productReference = DB616C6A27F1A936008B462A /* NewsPaper.app */;
			productType = "com.apple.product-type.application";
		};
/* End PBXNativeTarget section */

/* Begin PBXProject section */
		DB616C5827F1A934008B462A /* Project object */ = {
			isa = PBXProject;
			attributes = {
				BuildIndependentTargetsInParallel = 1;
				LastSwiftUpdateCheck = 1330;
				LastUpgradeCheck = 1400;
				TargetAttributes = {
					DB616C6327F1A936008B462A = {
						CreatedOnToolsVersion = 13.3;
					};
					DB616C6927F1A936008B462A = {
						CreatedOnToolsVersion = 13.3;
					};
				};
			};
			buildConfigurationList = DB616C5B27F1A934008B462A /* Build configuration list for PBXProject "NewsPaper" */;
			compatibilityVersion = "Xcode 13.0";
			developmentRegion = en;
			hasScannedForEncodings = 0;
			knownRegions = (
				en,
				Base,
				nb,
			);
			mainGroup = DB616C5727F1A934008B462A;
			productRefGroup = DB616C6527F1A936008B462A /* Products */;
			projectDirPath = "";
			projectRoot = "";
			targets = (
				DB616C6327F1A936008B462A /* NewsPaper (iOS) */,
				DB616C6927F1A936008B462A /* NewsPaper (macOS) */,
			);
		};
/* End PBXProject section */

/* Begin PBXResourcesBuildPhase section */
		DB616C6227F1A936008B462A /* Resources */ = {
			isa = PBXResourcesBuildPhase;
			buildActionMask = 2147483647;
			files = (
				DB616C7127F1A936008B462A /* Assets.xcassets in Resources */,
				DBC0373E27F43D020036AE2C /* Localizable.strings in Resources */,
				DBC0374127F43DD20036AE2C /* NewsPaper (iOS)-InfoPlist.strings in Resources */,
			);
			runOnlyForDeploymentPostprocessing = 0;
		};
		DB616C6827F1A936008B462A /* Resources */ = {
			isa = PBXResourcesBuildPhase;
			buildActionMask = 2147483647;
			files = (
				DB616C7227F1A936008B462A /* Assets.xcassets in Resources */,
				DBC0373D27F43D020036AE2C /* Localizable.strings in Resources */,
				DBC0374427F43DD20036AE2C /* NewsPaper (macOS)-InfoPlist.strings in Resources */,
			);
			runOnlyForDeploymentPostprocessing = 0;
		};
/* End PBXResourcesBuildPhase section */

/* Begin PBXSourcesBuildPhase section */
		DB616C6027F1A936008B462A /* Sources */ = {
			isa = PBXSourcesBuildPhase;
			buildActionMask = 2147483647;
			files = (
				DBC0373927F4395C0036AE2C /* ConnectToInternet.swift in Sources */,
				DBDC686127F61DFA00210437 /* NewsPaperRowView.swift in Sources */,
				DB616C8927F1E7DA008B462A /* GetApiKey.swift in Sources */,
				DB1EF91927F4BEAD00593D72 /* SetNewsRecords.swift in Sources */,
				DB1EF91C27F4CD8600593D72 /* NewsRecord.swift in Sources */,
				DBDC685E27F619B600210437 /* SafariView.swift in Sources */,
				DB616C7C27F1ABB3008B462A /* News.swift in Sources */,
				DB616C6F27F1A936008B462A /* NewsPaper.swift in Sources */,
				DB616C8027F1E436008B462A /* Setting.swift in Sources */,
				DB1EF91627F4BBDE00593D72 /* ServiceNews.swift in Sources */,
				DB616C8627F1E521008B462A /* ReturnFromMenuView.swift in Sources */,
				DB616C8327F1E4B5008B462A /* NewsPaperApiKey.swift in Sources */,
				DB616C6D27F1A936008B462A /* NewsPaperApp.swift in Sources */,
			);
			runOnlyForDeploymentPostprocessing = 0;
		};
		DB616C6627F1A936008B462A /* Sources */ = {
			isa = PBXSourcesBuildPhase;
			buildActionMask = 2147483647;
			files = (
				DBC0373A27F4395C0036AE2C /* ConnectToInternet.swift in Sources */,
				DBDC686227F61DFA00210437 /* NewsPaperRowView.swift in Sources */,
				DB616C8A27F1E7DA008B462A /* GetApiKey.swift in Sources */,
				DB1EF91A27F4BEAD00593D72 /* SetNewsRecords.swift in Sources */,
				DB1EF91D27F4CD8600593D72 /* NewsRecord.swift in Sources */,
				DBDC685F27F619B600210437 /* SafariView.swift in Sources */,
				DB616C7D27F1ABB3008B462A /* News.swift in Sources */,
				DB616C7027F1A936008B462A /* NewsPaper.swift in Sources */,
				DB616C8127F1E436008B462A /* Setting.swift in Sources */,
				DB1EF91727F4BBDE00593D72 /* ServiceNews.swift in Sources */,
				DB616C8727F1E521008B462A /* ReturnFromMenuView.swift in Sources */,
				DB616C8427F1E4B5008B462A /* NewsPaperApiKey.swift in Sources */,
				DB616C6E27F1A936008B462A /* NewsPaperApp.swift in Sources */,
			);
			runOnlyForDeploymentPostprocessing = 0;
		};
/* End PBXSourcesBuildPhase section */

/* Begin PBXVariantGroup section */
		DBC0373B27F43D020036AE2C /* Localizable.strings */ = {
			isa = PBXVariantGroup;
			children = (
				DBC0373C27F43D020036AE2C /* nb */,
			);
			name = Localizable.strings;
			sourceTree = "<group>";
		};
		DBC0373F27F43DD20036AE2C /* NewsPaper (iOS)-InfoPlist.strings */ = {
			isa = PBXVariantGroup;
			children = (
				DBC0374027F43DD20036AE2C /* nb */,
			);
			name = "NewsPaper (iOS)-InfoPlist.strings";
			path = Shared;
			sourceTree = "<group>";
		};
		DBC0374227F43DD20036AE2C /* NewsPaper (macOS)-InfoPlist.strings */ = {
			isa = PBXVariantGroup;
			children = (
				DBC0374327F43DD20036AE2C /* nb */,
			);
			name = "NewsPaper (macOS)-InfoPlist.strings";
			path = Shared;
			sourceTree = "<group>";
		};
/* End PBXVariantGroup section */

/* Begin XCBuildConfiguration section */
		DB616C7327F1A936008B462A /* Debug */ = {
			isa = XCBuildConfiguration;
			buildSettings = {
				ALWAYS_SEARCH_USER_PATHS = NO;
				CLANG_ANALYZER_LOCALIZABILITY_NONLOCALIZED = YES;
				CLANG_ANALYZER_NONNULL = YES;
				CLANG_ANALYZER_NUMBER_OBJECT_CONVERSION = YES_AGGRESSIVE;
				CLANG_CXX_LANGUAGE_STANDARD = "gnu++17";
				CLANG_ENABLE_MODULES = YES;
				CLANG_ENABLE_OBJC_ARC = YES;
				CLANG_ENABLE_OBJC_WEAK = YES;
				CLANG_WARN_BLOCK_CAPTURE_AUTORELEASING = YES;
				CLANG_WARN_BOOL_CONVERSION = YES;
				CLANG_WARN_COMMA = YES;
				CLANG_WARN_CONSTANT_CONVERSION = YES;
				CLANG_WARN_DEPRECATED_OBJC_IMPLEMENTATIONS = YES;
				CLANG_WARN_DIRECT_OBJC_ISA_USAGE = YES_ERROR;
				CLANG_WARN_DOCUMENTATION_COMMENTS = YES;
				CLANG_WARN_EMPTY_BODY = YES;
				CLANG_WARN_ENUM_CONVERSION = YES;
				CLANG_WARN_INFINITE_RECURSION = YES;
				CLANG_WARN_INT_CONVERSION = YES;
				CLANG_WARN_NON_LITERAL_NULL_CONVERSION = YES;
				CLANG_WARN_OBJC_IMPLICIT_RETAIN_SELF = YES;
				CLANG_WARN_OBJC_LITERAL_CONVERSION = YES;
				CLANG_WARN_OBJC_ROOT_CLASS = YES_ERROR;
				CLANG_WARN_QUOTED_INCLUDE_IN_FRAMEWORK_HEADER = YES;
				CLANG_WARN_RANGE_LOOP_ANALYSIS = YES;
				CLANG_WARN_STRICT_PROTOTYPES = YES;
				CLANG_WARN_SUSPICIOUS_MOVE = YES;
				CLANG_WARN_UNGUARDED_AVAILABILITY = YES_AGGRESSIVE;
				CLANG_WARN_UNREACHABLE_CODE = YES;
				CLANG_WARN__DUPLICATE_METHOD_MATCH = YES;
				COPY_PHASE_STRIP = NO;
				DEAD_CODE_STRIPPING = YES;
				DEBUG_INFORMATION_FORMAT = dwarf;
				ENABLE_STRICT_OBJC_MSGSEND = YES;
				ENABLE_TESTABILITY = YES;
				GCC_C_LANGUAGE_STANDARD = gnu11;
				GCC_DYNAMIC_NO_PIC = NO;
				GCC_NO_COMMON_BLOCKS = YES;
				GCC_OPTIMIZATION_LEVEL = 0;
				GCC_PREPROCESSOR_DEFINITIONS = (
					"DEBUG=1",
					"$(inherited)",
				);
				GCC_WARN_64_TO_32_BIT_CONVERSION = YES;
				GCC_WARN_ABOUT_RETURN_TYPE = YES_ERROR;
				GCC_WARN_UNDECLARED_SELECTOR = YES;
				GCC_WARN_UNINITIALIZED_AUTOS = YES_AGGRESSIVE;
				GCC_WARN_UNUSED_FUNCTION = YES;
				GCC_WARN_UNUSED_VARIABLE = YES;
				MTL_ENABLE_DEBUG_INFO = INCLUDE_SOURCE;
				MTL_FAST_MATH = YES;
				ONLY_ACTIVE_ARCH = YES;
				SWIFT_ACTIVE_COMPILATION_CONDITIONS = DEBUG;
				SWIFT_OPTIMIZATION_LEVEL = "-Onone";
			};
			name = Debug;
		};
		DB616C7427F1A936008B462A /* Release */ = {
			isa = XCBuildConfiguration;
			buildSettings = {
				ALWAYS_SEARCH_USER_PATHS = NO;
				CLANG_ANALYZER_LOCALIZABILITY_NONLOCALIZED = YES;
				CLANG_ANALYZER_NONNULL = YES;
				CLANG_ANALYZER_NUMBER_OBJECT_CONVERSION = YES_AGGRESSIVE;
				CLANG_CXX_LANGUAGE_STANDARD = "gnu++17";
				CLANG_ENABLE_MODULES = YES;
				CLANG_ENABLE_OBJC_ARC = YES;
				CLANG_ENABLE_OBJC_WEAK = YES;
				CLANG_WARN_BLOCK_CAPTURE_AUTORELEASING = YES;
				CLANG_WARN_BOOL_CONVERSION = YES;
				CLANG_WARN_COMMA = YES;
				CLANG_WARN_CONSTANT_CONVERSION = YES;
				CLANG_WARN_DEPRECATED_OBJC_IMPLEMENTATIONS = YES;
				CLANG_WARN_DIRECT_OBJC_ISA_USAGE = YES_ERROR;
				CLANG_WARN_DOCUMENTATION_COMMENTS = YES;
				CLANG_WARN_EMPTY_BODY = YES;
				CLANG_WARN_ENUM_CONVERSION = YES;
				CLANG_WARN_INFINITE_RECURSION = YES;
				CLANG_WARN_INT_CONVERSION = YES;
				CLANG_WARN_NON_LITERAL_NULL_CONVERSION = YES;
				CLANG_WARN_OBJC_IMPLICIT_RETAIN_SELF = YES;
				CLANG_WARN_OBJC_LITERAL_CONVERSION = YES;
				CLANG_WARN_OBJC_ROOT_CLASS = YES_ERROR;
				CLANG_WARN_QUOTED_INCLUDE_IN_FRAMEWORK_HEADER = YES;
				CLANG_WARN_RANGE_LOOP_ANALYSIS = YES;
				CLANG_WARN_STRICT_PROTOTYPES = YES;
				CLANG_WARN_SUSPICIOUS_MOVE = YES;
				CLANG_WARN_UNGUARDED_AVAILABILITY = YES_AGGRESSIVE;
				CLANG_WARN_UNREACHABLE_CODE = YES;
				CLANG_WARN__DUPLICATE_METHOD_MATCH = YES;
				COPY_PHASE_STRIP = NO;
				DEAD_CODE_STRIPPING = YES;
				DEBUG_INFORMATION_FORMAT = "dwarf-with-dsym";
				ENABLE_NS_ASSERTIONS = NO;
				ENABLE_STRICT_OBJC_MSGSEND = YES;
				GCC_C_LANGUAGE_STANDARD = gnu11;
				GCC_NO_COMMON_BLOCKS = YES;
				GCC_WARN_64_TO_32_BIT_CONVERSION = YES;
				GCC_WARN_ABOUT_RETURN_TYPE = YES_ERROR;
				GCC_WARN_UNDECLARED_SELECTOR = YES;
				GCC_WARN_UNINITIALIZED_AUTOS = YES_AGGRESSIVE;
				GCC_WARN_UNUSED_FUNCTION = YES;
				GCC_WARN_UNUSED_VARIABLE = YES;
				MTL_ENABLE_DEBUG_INFO = NO;
				MTL_FAST_MATH = YES;
				SWIFT_COMPILATION_MODE = wholemodule;
				SWIFT_OPTIMIZATION_LEVEL = "-O";
			};
			name = Release;
		};
		DB616C7627F1A936008B462A /* Debug */ = {
			isa = XCBuildConfiguration;
			buildSettings = {
				ASSETCATALOG_COMPILER_APPICON_NAME = AppIcon;
				ASSETCATALOG_COMPILER_GLOBAL_ACCENT_COLOR_NAME = AccentColor;
				CODE_SIGN_ENTITLEMENTS = "NewsPaper (iOS).entitlements";
				CODE_SIGN_STYLE = Automatic;
				CURRENT_PROJECT_VERSION = 1;
				DEVELOPMENT_TEAM = 6UR9TA6744;
				ENABLE_PREVIEWS = YES;
				GENERATE_INFOPLIST_FILE = YES;
				INFOPLIST_KEY_UIApplicationSceneManifest_Generation = YES;
				INFOPLIST_KEY_UIApplicationSupportsIndirectInputEvents = YES;
				INFOPLIST_KEY_UILaunchScreen_Generation = YES;
				INFOPLIST_KEY_UISupportedInterfaceOrientations_iPad = "UIInterfaceOrientationPortrait UIInterfaceOrientationPortraitUpsideDown UIInterfaceOrientationLandscapeLeft UIInterfaceOrientationLandscapeRight";
				INFOPLIST_KEY_UISupportedInterfaceOrientations_iPhone = "UIInterfaceOrientationPortrait UIInterfaceOrientationLandscapeLeft UIInterfaceOrientationLandscapeRight";
				IPHONEOS_DEPLOYMENT_TARGET = 16.0;
				LD_RUNPATH_SEARCH_PATHS = (
					"$(inherited)",
					"@executable_path/Frameworks",
				);
				MARKETING_VERSION = 1.0;
				PRODUCT_BUNDLE_IDENTIFIER = com.janhovland.NewsPaper;
				PRODUCT_NAME = NewsPaper;
				SDKROOT = iphoneos;
				SUPPORTS_MACCATALYST = NO;
				SWIFT_EMIT_LOC_STRINGS = YES;
				SWIFT_VERSION = 5.0;
				TARGETED_DEVICE_FAMILY = "1,2";
			};
			name = Debug;
		};
		DB616C7727F1A936008B462A /* Release */ = {
			isa = XCBuildConfiguration;
			buildSettings = {
				ASSETCATALOG_COMPILER_APPICON_NAME = AppIcon;
				ASSETCATALOG_COMPILER_GLOBAL_ACCENT_COLOR_NAME = AccentColor;
				CODE_SIGN_ENTITLEMENTS = "NewsPaper (iOS).entitlements";
				CODE_SIGN_STYLE = Automatic;
				CURRENT_PROJECT_VERSION = 1;
				DEVELOPMENT_TEAM = 6UR9TA6744;
				ENABLE_PREVIEWS = YES;
				GENERATE_INFOPLIST_FILE = YES;
				INFOPLIST_KEY_UIApplicationSceneManifest_Generation = YES;
				INFOPLIST_KEY_UIApplicationSupportsIndirectInputEvents = YES;
				INFOPLIST_KEY_UILaunchScreen_Generation = YES;
				INFOPLIST_KEY_UISupportedInterfaceOrientations_iPad = "UIInterfaceOrientationPortrait UIInterfaceOrientationPortraitUpsideDown UIInterfaceOrientationLandscapeLeft UIInterfaceOrientationLandscapeRight";
				INFOPLIST_KEY_UISupportedInterfaceOrientations_iPhone = "UIInterfaceOrientationPortrait UIInterfaceOrientationLandscapeLeft UIInterfaceOrientationLandscapeRight";
				IPHONEOS_DEPLOYMENT_TARGET = 16.0;
				LD_RUNPATH_SEARCH_PATHS = (
					"$(inherited)",
					"@executable_path/Frameworks",
				);
				MARKETING_VERSION = 1.0;
				PRODUCT_BUNDLE_IDENTIFIER = com.janhovland.NewsPaper;
				PRODUCT_NAME = NewsPaper;
				SDKROOT = iphoneos;
				SUPPORTS_MACCATALYST = NO;
				SWIFT_EMIT_LOC_STRINGS = YES;
				SWIFT_VERSION = 5.0;
				TARGETED_DEVICE_FAMILY = "1,2";
				VALIDATE_PRODUCT = YES;
			};
			name = Release;
		};
		DB616C7927F1A936008B462A /* Debug */ = {
			isa = XCBuildConfiguration;
			buildSettings = {
				ASSETCATALOG_COMPILER_APPICON_NAME = AppIcon;
				ASSETCATALOG_COMPILER_GLOBAL_ACCENT_COLOR_NAME = AccentColor;
				CODE_SIGN_ENTITLEMENTS = macOS/macOS.entitlements;
				CODE_SIGN_IDENTITY = "-";
				CODE_SIGN_STYLE = Automatic;
				COMBINE_HIDPI_IMAGES = YES;
				CURRENT_PROJECT_VERSION = 1;
				DEAD_CODE_STRIPPING = YES;
				DEVELOPMENT_TEAM = 6UR9TA6744;
				ENABLE_HARDENED_RUNTIME = YES;
				ENABLE_PREVIEWS = YES;
				GENERATE_INFOPLIST_FILE = YES;
				INFOPLIST_KEY_NSHumanReadableCopyright = "";
				LD_RUNPATH_SEARCH_PATHS = (
					"$(inherited)",
					"@executable_path/../Frameworks",
				);
				MACOSX_DEPLOYMENT_TARGET = 13.3;
				MARKETING_VERSION = 1.0;
				PRODUCT_BUNDLE_IDENTIFIER = com.janhovland.NewsPaper;
				PRODUCT_NAME = NewsPaper;
				SDKROOT = macosx;
				SWIFT_EMIT_LOC_STRINGS = YES;
				SWIFT_VERSION = 5.0;
			};
			name = Debug;
		};
		DB616C7A27F1A936008B462A /* Release */ = {
			isa = XCBuildConfiguration;
			buildSettings = {
				ASSETCATALOG_COMPILER_APPICON_NAME = AppIcon;
				ASSETCATALOG_COMPILER_GLOBAL_ACCENT_COLOR_NAME = AccentColor;
				CODE_SIGN_ENTITLEMENTS = macOS/macOS.entitlements;
				CODE_SIGN_IDENTITY = "-";
				CODE_SIGN_STYLE = Automatic;
				COMBINE_HIDPI_IMAGES = YES;
				CURRENT_PROJECT_VERSION = 1;
				DEAD_CODE_STRIPPING = YES;
				DEVELOPMENT_TEAM = 6UR9TA6744;
				ENABLE_HARDENED_RUNTIME = YES;
				ENABLE_PREVIEWS = YES;
				GENERATE_INFOPLIST_FILE = YES;
				INFOPLIST_KEY_NSHumanReadableCopyright = "";
				LD_RUNPATH_SEARCH_PATHS = (
					"$(inherited)",
					"@executable_path/../Frameworks",
				);
				MACOSX_DEPLOYMENT_TARGET = 13.3;
				MARKETING_VERSION = 1.0;
				PRODUCT_BUNDLE_IDENTIFIER = com.janhovland.NewsPaper;
				PRODUCT_NAME = NewsPaper;
				SDKROOT = macosx;
				SWIFT_EMIT_LOC_STRINGS = YES;
				SWIFT_VERSION = 5.0;
			};
			name = Release;
		};
/* End XCBuildConfiguration section */

/* Begin XCConfigurationList section */
		DB616C5B27F1A934008B462A /* Build configuration list for PBXProject "NewsPaper" */ = {
			isa = XCConfigurationList;
			buildConfigurations = (
				DB616C7327F1A936008B462A /* Debug */,
				DB616C7427F1A936008B462A /* Release */,
			);
			defaultConfigurationIsVisible = 0;
			defaultConfigurationName = Release;
		};
		DB616C7527F1A936008B462A /* Build configuration list for PBXNativeTarget "NewsPaper (iOS)" */ = {
			isa = XCConfigurationList;
			buildConfigurations = (
				DB616C7627F1A936008B462A /* Debug */,
				DB616C7727F1A936008B462A /* Release */,
			);
			defaultConfigurationIsVisible = 0;
			defaultConfigurationName = Release;
		};
		DB616C7827F1A936008B462A /* Build configuration list for PBXNativeTarget "NewsPaper (macOS)" */ = {
			isa = XCConfigurationList;
			buildConfigurations = (
				DB616C7927F1A936008B462A /* Debug */,
				DB616C7A27F1A936008B462A /* Release */,
			);
			defaultConfigurationIsVisible = 0;
			defaultConfigurationName = Release;
		};
/* End XCConfigurationList section */
	};
	rootObject = DB616C5827F1A934008B462A /* Project object */;
}
